
Microsoft Visual Studio Solution File, Format Version 11.00
# Visual Studio 2010
Project("{2150E333-8FDC-42A3-9474-1A3956D46DE8}") = "FileUpload", "FileUpload", "{745708F9-1462-4B71-A3B5-0F8174A199DB}"
EndProject
Project("{2150E333-8FDC-42A3-9474-1A3956D46DE8}") = "ImageExport", "ImageExport", "{FFE002BA-57BB-431F-91D8-FB5CED7B0AB5}"
EndProject
Project("{2150E333-8FDC-42A3-9474-1A3956D46DE8}") = "KeyHooks", "KeyHooks", "{FE7FB592-2074-4624-A6EC-33E72285A294}"
EndProject
Project("{2150E333-8FDC-42A3-9474-1A3956D46DE8}") = "ScreenMain", "ScreenMain", "{6F83FB2F-0445-45BE-8311-DA5965C173C3}"
EndProject
Project("{2150E333-8FDC-42A3-9474-1A3956D46DE8}") = "ScreenProcessing", "ScreenProcessing", "{18CC691A-ADD8-4AC4-93F1-6C1AF19A83CB}"
EndProject
Project("{8BC9CEB8-8B4A-11D0-8D11-00A0C91BC942}") = "ScreenMain", "ScreenMain\ScreenMain.vcxproj", "{0404785A-F84F-4BCC-859C-2C45F3C5D1A7}"
	ProjectSection(ProjectDependencies) = postProject
		{2E784C4E-374B-49CF-AA97-007E7FA2E1BF} = {2E784C4E-374B-49CF-AA97-007E7FA2E1BF}
		{5D8C6AA7-1350-4A2C-8CBE-604E32929E37} = {5D8C6AA7-1350-4A2C-8CBE-604E32929E37}
	EndProjectSection
EndProject
Project("{8BC9CEB8-8B4A-11D0-8D11-00A0C91BC942}") = "FTPFileUploader", "FileUpload\FTPFileUploader.vcxproj", "{5D8C6AA7-1350-4A2C-8CBE-604E32929E37}"
	ProjectSection(ProjectDependencies) = postProject
		{B061776A-8960-4205-9691-A9A5722AEFB0} = {B061776A-8960-4205-9691-A9A5722AEFB0}
	EndProjectSection
EndProject
Project("{8BC9CEB8-8B4A-11D0-8D11-00A0C91BC942}") = "ImagesHackFileUploader", "FileUpload\ImagesHackFileUploader.vcxproj", "{B061776A-8960-4205-9691-A9A5722AEFB0}"
	ProjectSection(ProjectDependencies) = postProject
		{31C8F45B-F126-498D-A2B9-30A613F67C17} = {31C8F45B-F126-498D-A2B9-30A613F67C17}
	EndProjectSection
EndProject
Project("{8BC9CEB8-8B4A-11D0-8D11-00A0C91BC942}") = "RadikalFileUploader", "FileUpload\RadikalFileUploader.vcxproj", "{31C8F45B-F126-498D-A2B9-30A613F67C17}"
	ProjectSection(ProjectDependencies) = postProject
		{04D79C41-6CED-4E47-A213-79DF97FC1225} = {04D79C41-6CED-4E47-A213-79DF97FC1225}
	EndProjectSection
EndProject
Project("{8BC9CEB8-8B4A-11D0-8D11-00A0C91BC942}") = "YandexPhotoFileUploader", "FileUpload\YandexPhotoFileUploader.vcxproj", "{04D79C41-6CED-4E47-A213-79DF97FC1225}"
EndProject
Project("{8BC9CEB8-8B4A-11D0-8D11-00A0C91BC942}") = "BMPExport", "ImageExport\BMPExport.vcxproj", "{1BE4553F-E4DC-4E69-AE1B-B8157E5E6159}"
	ProjectSection(ProjectDependencies) = postProject
		{A546301D-24DE-4E56-B507-8DF4A9FC8BF3} = {A546301D-24DE-4E56-B507-8DF4A9FC8BF3}
	EndProjectSection
EndProject
Project("{8BC9CEB8-8B4A-11D0-8D11-00A0C91BC942}") = "JPEGExport", "ImageExport\JPEGExport.vcxproj", "{A546301D-24DE-4E56-B507-8DF4A9FC8BF3}"
	ProjectSection(ProjectDependencies) = postProject
		{5F30B258-3810-4C60-A559-F24DC0E60C69} = {5F30B258-3810-4C60-A559-F24DC0E60C69}
	EndProjectSection
EndProject
Project("{8BC9CEB8-8B4A-11D0-8D11-00A0C91BC942}") = "PNGExport", "ImageExport\PNGExport.vcxproj", "{5F30B258-3810-4C60-A559-F24DC0E60C69}"
	ProjectSection(ProjectDependencies) = postProject
		{DBA4D684-3D0D-42D2-8D8D-D9163728CC25} = {DBA4D684-3D0D-42D2-8D8D-D9163728CC25}
	EndProjectSection
EndProject
Project("{8BC9CEB8-8B4A-11D0-8D11-00A0C91BC942}") = "KeyHook", "KeyHooks\KeyHook.vcxproj", "{F8D8FDB4-B1F6-498B-824C-1A9B85606839}"
EndProject
Project("{8BC9CEB8-8B4A-11D0-8D11-00A0C91BC942}") = "KeyHookDLL", "KeyHooks\KeyHookDLL.vcxproj", "{E9B7F49D-4AD6-48BF-9A6B-7BC1E603C73A}"
	ProjectSection(ProjectDependencies) = postProject
		{F8D8FDB4-B1F6-498B-824C-1A9B85606839} = {F8D8FDB4-B1F6-498B-824C-1A9B85606839}
	EndProjectSection
EndProject
Project("{8BC9CEB8-8B4A-11D0-8D11-00A0C91BC942}") = "KeyHookHandler", "KeyHooks\KeyHookHandler.vcxproj", "{2E784C4E-374B-49CF-AA97-007E7FA2E1BF}"
	ProjectSection(ProjectDependencies) = postProject
		{52F39E41-A76E-43FB-B769-8171B71A9A9E} = {52F39E41-A76E-43FB-B769-8171B71A9A9E}
		{E9B7F49D-4AD6-48BF-9A6B-7BC1E603C73A} = {E9B7F49D-4AD6-48BF-9A6B-7BC1E603C73A}
	EndProjectSection
EndProject
Project("{8BC9CEB8-8B4A-11D0-8D11-00A0C91BC942}") = "DIBSection", "ScreenProcessing\DIBSection.vcxproj", "{DBA4D684-3D0D-42D2-8D8D-D9163728CC25}"
EndProject
Project("{8BC9CEB8-8B4A-11D0-8D11-00A0C91BC942}") = "ScreenDump", "ScreenProcessing\ScreenDump.vcxproj", "{52F39E41-A76E-43FB-B769-8171B71A9A9E}"
	ProjectSection(ProjectDependencies) = postProject
		{C6E47D58-1EC8-4E84-93E0-22EB7A5F922A} = {C6E47D58-1EC8-4E84-93E0-22EB7A5F922A}
	EndProjectSection
EndProject
Project("{8BC9CEB8-8B4A-11D0-8D11-00A0C91BC942}") = "ScreenWindow", "ScreenProcessing\ScreenWindows.vcxproj", "{C6E47D58-1EC8-4E84-93E0-22EB7A5F922A}"
	ProjectSection(ProjectDependencies) = postProject
		{1BE4553F-E4DC-4E69-AE1B-B8157E5E6159} = {1BE4553F-E4DC-4E69-AE1B-B8157E5E6159}
	EndProjectSection
EndProject
Global
	GlobalSection(SolutionConfigurationPlatforms) = preSolution
		Debug|Win32 = Debug|Win32
		Release|Win32 = Release|Win32
	EndGlobalSection
	GlobalSection(ProjectConfigurationPlatforms) = postSolution
		{0404785A-F84F-4BCC-859C-2C45F3C5D1A7}.Debug|Win32.ActiveCfg = Debug|Win32
		{0404785A-F84F-4BCC-859C-2C45F3C5D1A7}.Debug|Win32.Build.0 = Debug|Win32
		{0404785A-F84F-4BCC-859C-2C45F3C5D1A7}.Release|Win32.ActiveCfg = Release|Win32
		{0404785A-F84F-4BCC-859C-2C45F3C5D1A7}.Release|Win32.Build.0 = Release|Win32
		{5D8C6AA7-1350-4A2C-8CBE-604E32929E37}.Debug|Win32.ActiveCfg = Debug|Win32
		{5D8C6AA7-1350-4A2C-8CBE-604E32929E37}.Debug|Win32.Build.0 = Debug|Win32
		{5D8C6AA7-1350-4A2C-8CBE-604E32929E37}.Release|Win32.ActiveCfg = Release|Win32
		{5D8C6AA7-1350-4A2C-8CBE-604E32929E37}.Release|Win32.Build.0 = Release|Win32
		{B061776A-8960-4205-9691-A9A5722AEFB0}.Debug|Win32.ActiveCfg = Debug|Win32
		{B061776A-8960-4205-9691-A9A5722AEFB0}.Debug|Win32.Build.0 = Debug|Win32
		{B061776A-8960-4205-9691-A9A5722AEFB0}.Release|Win32.ActiveCfg = Release|Win32
		{B061776A-8960-4205-9691-A9A5722AEFB0}.Release|Win32.Build.0 = Release|Win32
		{31C8F45B-F126-498D-A2B9-30A613F67C17}.Debug|Win32.ActiveCfg = Debug|Win32
		{31C8F45B-F126-498D-A2B9-30A613F67C17}.Debug|Win32.Build.0 = Debug|Win32
		{31C8F45B-F126-498D-A2B9-30A613F67C17}.Release|Win32.ActiveCfg = Release|Win32
		{31C8F45B-F126-498D-A2B9-30A613F67C17}.Release|Win32.Build.0 = Release|Win32
		{04D79C41-6CED-4E47-A213-79DF97FC1225}.Debug|Win32.ActiveCfg = Debug|Win32
		{04D79C41-6CED-4E47-A213-79DF97FC1225}.Debug|Win32.Build.0 = Debug|Win32
		{04D79C41-6CED-4E47-A213-79DF97FC1225}.Release|Win32.ActiveCfg = Release|Win32
		{04D79C41-6CED-4E47-A213-79DF97FC1225}.Release|Win32.Build.0 = Release|Win32
		{1BE4553F-E4DC-4E69-AE1B-B8157E5E6159}.Debug|Win32.ActiveCfg = Debug|Win32
		{1BE4553F-E4DC-4E69-AE1B-B8157E5E6159}.Debug|Win32.Build.0 = Debug|Win32
		{1BE4553F-E4DC-4E69-AE1B-B8157E5E6159}.Release|Win32.ActiveCfg = Release|Win32
		{1BE4553F-E4DC-4E69-AE1B-B8157E5E6159}.Release|Win32.Build.0 = Release|Win32
		{A546301D-24DE-4E56-B507-8DF4A9FC8BF3}.Debug|Win32.ActiveCfg = Debug|Win32
		{A546301D-24DE-4E56-B507-8DF4A9FC8BF3}.Debug|Win32.Build.0 = Debug|Win32
		{A546301D-24DE-4E56-B507-8DF4A9FC8BF3}.Release|Win32.ActiveCfg = Release|Win32
		{A546301D-24DE-4E56-B507-8DF4A9FC8BF3}.Release|Win32.Build.0 = Release|Win32
		{5F30B258-3810-4C60-A559-F24DC0E60C69}.Debug|Win32.ActiveCfg = Debug|Win32
		{5F30B258-3810-4C60-A559-F24DC0E60C69}.Debug|Win32.Build.0 = Debug|Win32
		{5F30B258-3810-4C60-A559-F24DC0E60C69}.Release|Win32.ActiveCfg = Release|Win32
		{5F30B258-3810-4C60-A559-F24DC0E60C69}.Release|Win32.Build.0 = Release|Win32
		{F8D8FDB4-B1F6-498B-824C-1A9B85606839}.Debug|Win32.ActiveCfg = Debug|Win32
		{F8D8FDB4-B1F6-498B-824C-1A9B85606839}.Debug|Win32.Build.0 = Debug|Win32
		{F8D8FDB4-B1F6-498B-824C-1A9B85606839}.Release|Win32.ActiveCfg = Release|Win32
		{F8D8FDB4-B1F6-498B-824C-1A9B85606839}.Release|Win32.Build.0 = Release|Win32
		{E9B7F49D-4AD6-48BF-9A6B-7BC1E603C73A}.Debug|Win32.ActiveCfg = Debug|Win32
		{E9B7F49D-4AD6-48BF-9A6B-7BC1E603C73A}.Debug|Win32.Build.0 = Debug|Win32
		{E9B7F49D-4AD6-48BF-9A6B-7BC1E603C73A}.Release|Win32.ActiveCfg = Release|Win32
		{E9B7F49D-4AD6-48BF-9A6B-7BC1E603C73A}.Release|Win32.Build.0 = Release|Win32
		{2E784C4E-374B-49CF-AA97-007E7FA2E1BF}.Debug|Win32.ActiveCfg = Debug|Win32
		{2E784C4E-374B-49CF-AA97-007E7FA2E1BF}.Debug|Win32.Build.0 = Debug|Win32
		{2E784C4E-374B-49CF-AA97-007E7FA2E1BF}.Release|Win32.ActiveCfg = Release|Win32
		{2E784C4E-374B-49CF-AA97-007E7FA2E1BF}.Release|Win32.Build.0 = Release|Win32
		{DBA4D684-3D0D-42D2-8D8D-D9163728CC25}.Debug|Win32.ActiveCfg = Debug|Win32
		{DBA4D684-3D0D-42D2-8D8D-D9163728CC25}.Debug|Win32.Build.0 = Debug|Win32
		{DBA4D684-3D0D-42D2-8D8D-D9163728CC25}.Release|Win32.ActiveCfg = Release|Win32
		{DBA4D684-3D0D-42D2-8D8D-D9163728CC25}.Release|Win32.Build.0 = Release|Win32
		{52F39E41-A76E-43FB-B769-8171B71A9A9E}.Debug|Win32.ActiveCfg = Debug|Win32
		{52F39E41-A76E-43FB-B769-8171B71A9A9E}.Debug|Win32.Build.0 = Debug|Win32
		{52F39E41-A76E-43FB-B769-8171B71A9A9E}.Release|Win32.ActiveCfg = Release|Win32
		{52F39E41-A76E-43FB-B769-8171B71A9A9E}.Release|Win32.Build.0 = Release|Win32
		{C6E47D58-1EC8-4E84-93E0-22EB7A5F922A}.Debug|Win32.ActiveCfg = Debug|Win32
		{C6E47D58-1EC8-4E84-93E0-22EB7A5F922A}.Debug|Win32.Build.0 = Debug|Win32
		{C6E47D58-1EC8-4E84-93E0-22EB7A5F922A}.Release|Win32.ActiveCfg = Release|Win32
		{C6E47D58-1EC8-4E84-93E0-22EB7A5F922A}.Release|Win32.Build.0 = Release|Win32
	EndGlobalSection
	GlobalSection(SolutionProperties) = preSolution
		HideSolutionNode = FALSE
	EndGlobalSection
	GlobalSection(NestedProjects) = preSolution
		{5D8C6AA7-1350-4A2C-8CBE-604E32929E37} = {745708F9-1462-4B71-A3B5-0F8174A199DB}
		{B061776A-8960-4205-9691-A9A5722AEFB0} = {745708F9-1462-4B71-A3B5-0F8174A199DB}
		{31C8F45B-F126-498D-A2B9-30A613F67C17} = {745708F9-1462-4B71-A3B5-0F8174A199DB}
		{04D79C41-6CED-4E47-A213-79DF97FC1225} = {745708F9-1462-4B71-A3B5-0F8174A199DB}
		{1BE4553F-E4DC-4E69-AE1B-B8157E5E6159} = {FFE002BA-57BB-431F-91D8-FB5CED7B0AB5}
		{A546301D-24DE-4E56-B507-8DF4A9FC8BF3} = {FFE002BA-57BB-431F-91D8-FB5CED7B0AB5}
		{5F30B258-3810-4C60-A559-F24DC0E60C69} = {FFE002BA-57BB-431F-91D8-FB5CED7B0AB5}
		{F8D8FDB4-B1F6-498B-824C-1A9B85606839} = {FE7FB592-2074-4624-A6EC-33E72285A294}
		{E9B7F49D-4AD6-48BF-9A6B-7BC1E603C73A} = {FE7FB592-2074-4624-A6EC-33E72285A294}
		{2E784C4E-374B-49CF-AA97-007E7FA2E1BF} = {FE7FB592-2074-4624-A6EC-33E72285A294}
		{0404785A-F84F-4BCC-859C-2C45F3C5D1A7} = {6F83FB2F-0445-45BE-8311-DA5965C173C3}
		{DBA4D684-3D0D-42D2-8D8D-D9163728CC25} = {18CC691A-ADD8-4AC4-93F1-6C1AF19A83CB}
		{52F39E41-A76E-43FB-B769-8171B71A9A9E} = {18CC691A-ADD8-4AC4-93F1-6C1AF19A83CB}
		{C6E47D58-1EC8-4E84-93E0-22EB7A5F922A} = {18CC691A-ADD8-4AC4-93F1-6C1AF19A83CB}
	EndGlobalSection
EndGlobal
